
Microsoft Visual Studio Solution File, Format Version 12.00
# Visual Studio Version 17
VisualStudioVersion = 17.4.33122.133
MinimumVisualStudioVersion = 10.0.40219.1
Project("{FAE04EC0-301F-11D3-BF4B-00C04F79EFBC}") = "Level1.Michelle.firstPractice.Backend", "Level1.Michelle.firstPractice.Backend\Level1.Michelle.firstPractice.Backend.csproj", "{7BB1BC23-5DE7-47B8-B97D-F66A68FCF58A}"
EndProject
Global
	GlobalSection(SolutionConfigurationPlatforms) = preSolution
		Debug|Any CPU = Debug|Any CPU
		Release|Any CPU = Release|Any CPU
	EndGlobalSection
	GlobalSection(ProjectConfigurationPlatforms) = postSolution
		{7BB1BC23-5DE7-47B8-B97D-F66A68FCF58A}.Debug|Any CPU.ActiveCfg = Debug|Any CPU
		{7BB1BC23-5DE7-47B8-B97D-F66A68FCF58A}.Debug|Any CPU.Build.0 = Debug|Any CPU
		{7BB1BC23-5DE7-47B8-B97D-F66A68FCF58A}.Release|Any CPU.ActiveCfg = Release|Any CPU
		{7BB1BC23-5DE7-47B8-B97D-F66A68FCF58A}.Release|Any CPU.Build.0 = Release|Any CPU
	EndGlobalSection
	GlobalSection(SolutionProperties) = preSolution
		HideSolutionNode = FALSE
	EndGlobalSection
	GlobalSection(ExtensibilityGlobals) = postSolution
		SolutionGuid = {1068EC98-FF77-482C-95FF-2F2451D848F4}
	EndGlobalSection
EndGlobal
